// !$*UTF8*$!
{
	archiveVersion = 1;
	classes = {
	};
	objectVersion = 48;
	objects = {

/* Begin PBXBuildFile section */
		37CCB7C21F877961003DE68D /* AppDelegate.swift in Sources */ = {isa = PBXBuildFile; fileRef = 37CCB7B31F877961003DE68D /* AppDelegate.swift */; };
		37CCB7C31F877961003DE68D /* Info.plist in Resources */ = {isa = PBXBuildFile; fileRef = 37CCB7B41F877961003DE68D /* Info.plist */; };
		37CCB7C41F877961003DE68D /* LaunchScreen.storyboard in Resources */ = {isa = PBXBuildFile; fileRef = 37CCB7B71F877961003DE68D /* LaunchScreen.storyboard */; };
		37CCB7C51F877961003DE68D /* Main.storyboard in Resources */ = {isa = PBXBuildFile; fileRef = 37CCB7B91F877961003DE68D /* Main.storyboard */; };
		37CCB7C61F877961003DE68D /* Assets.xcassets in Resources */ = {isa = PBXBuildFile; fileRef = 37CCB7BB1F877961003DE68D /* Assets.xcassets */; };
		37CCB7C71F877961003DE68D /* ViewController.swift in Sources */ = {isa = PBXBuildFile; fileRef = 37CCB7C11F877961003DE68D /* ViewController.swift */; };
/* End PBXBuildFile section */

/* Begin PBXFileReference section */
		37CCB79D1F8778CB003DE68D /* Template.app */ = {isa = PBXFileReference; explicitFileType = wrapper.application; includeInIndex = 0; path = Template.app; sourceTree = BUILT_PRODUCTS_DIR; };
		37CCB7B31F877961003DE68D /* AppDelegate.swift */ = {isa = PBXFileReference; fileEncoding = 4; lastKnownFileType = sourcecode.swift; path = AppDelegate.swift; sourceTree = "<group>"; };
		37CCB7B41F877961003DE68D /* Info.plist */ = {isa = PBXFileReference; fileEncoding = 4; lastKnownFileType = text.plist.xml; path = Info.plist; sourceTree = "<group>"; };
		37CCB7B81F877961003DE68D /* Base */ = {isa = PBXFileReference; lastKnownFileType = file.storyboard; name = Base; path = Base.lproj/LaunchScreen.storyboard; sourceTree = "<group>"; };
		37CCB7BA1F877961003DE68D /* Base */ = {isa = PBXFileReference; lastKnownFileType = file.storyboard; name = Base; path = Base.lproj/Main.storyboard; sourceTree = "<group>"; };
		37CCB7BB1F877961003DE68D /* Assets.xcassets */ = {isa = PBXFileReference; lastKnownFileType = folder.assetcatalog; path = Assets.xcassets; sourceTree = "<group>"; };
		37CCB7C11F877961003DE68D /* ViewController.swift */ = {isa = PBXFileReference; fileEncoding = 4; lastKnownFileType = sourcecode.swift; path = ViewController.swift; sourceTree = "<group>"; };
/* End PBXFileReference section */

/* Begin PBXFrameworksBuildPhase section */
		37CCB79A1F8778CB003DE68D /* Frameworks */ = {
			isa = PBXFrameworksBuildPhase;
			buildActionMask = 2147483647;
			files = (
			);
			runOnlyForDeploymentPostprocessing = 0;
		};
/* End PBXFrameworksBuildPhase section */

/* Begin PBXGroup section */
		37CCB7941F8778CB003DE68D = {
			isa = PBXGroup;
			children = (
				37CCB79F1F8778CB003DE68D /* Template */,
				37CCB79E1F8778CB003DE68D /* Products */,
			);
			sourceTree = "<group>";
		};
		37CCB79E1F8778CB003DE68D /* Products */ = {
			isa = PBXGroup;
			children = (
				37CCB79D1F8778CB003DE68D /* Template.app */,
			);
			name = Products;
			sourceTree = "<group>";
		};
		37CCB79F1F8778CB003DE68D /* Template */ = {
			isa = PBXGroup;
			children = (
				37CCB7BC1F877961003DE68D /* Classes */,
				37CCB7B51F877961003DE68D /* Resource */,
				37CCB7B21F877961003DE68D /* Supporting Files */,
			);
			path = Template;
			sourceTree = "<group>";
		};
		37CCB7B21F877961003DE68D /* Supporting Files */ = {
			isa = PBXGroup;
			children = (
				37CCB7B31F877961003DE68D /* AppDelegate.swift */,
				37CCB7B41F877961003DE68D /* Info.plist */,
			);
			path = "Supporting Files";
			sourceTree = "<group>";
		};
		37CCB7B51F877961003DE68D /* Resource */ = {
			isa = PBXGroup;
			children = (
				37CCB7B61F877961003DE68D /* Storyboard */,
				37CCB7BB1F877961003DE68D /* Assets.xcassets */,
			);
			path = Resource;
			sourceTree = "<group>";
		};
		37CCB7B61F877961003DE68D /* Storyboard */ = {
			isa = PBXGroup;
			children = (
				37CCB7B71F877961003DE68D /* LaunchScreen.storyboard */,
				37CCB7B91F877961003DE68D /* Main.storyboard */,
			);
			path = Storyboard;
			sourceTree = "<group>";
		};
		37CCB7BC1F877961003DE68D /* Classes */ = {
			isa = PBXGroup;
			children = (
				37CCB7BE1F877961003DE68D /* Model */,
				37CCB7BF1F877961003DE68D /* View */,
				37CCB7BD1F877961003DE68D /* ViewModel */,
				37CCB7C01F877961003DE68D /* ViewController */,
			);
			path = Classes;
			sourceTree = "<group>";
		};
		37CCB7BD1F877961003DE68D /* ViewModel */ = {
			isa = PBXGroup;
			children = (
			);
			path = ViewModel;
			sourceTree = "<group>";
		};
		37CCB7BE1F877961003DE68D /* Model */ = {
			isa = PBXGroup;
			children = (
			);
			path = Model;
			sourceTree = "<group>";
		};
		37CCB7BF1F877961003DE68D /* View */ = {
			isa = PBXGroup;
			children = (
			);
			path = View;
			sourceTree = "<group>";
		};
		37CCB7C01F877961003DE68D /* ViewController */ = {
			isa = PBXGroup;
			children = (
				37CCB7C11F877961003DE68D /* ViewController.swift */,
			);
			path = ViewController;
			sourceTree = "<group>";
		};
/* End PBXGroup section */

/* Begin PBXNativeTarget section */
		37CCB79C1F8778CB003DE68D /* Template */ = {
			isa = PBXNativeTarget;
			buildConfigurationList = 37CCB7AF1F8778CB003DE68D /* Build configuration list for PBXNativeTarget "Template" */;
			buildPhases = (
				37CCB7991F8778CB003DE68D /* Sources */,
				37CCB79A1F8778CB003DE68D /* Frameworks */,
				37CCB79B1F8778CB003DE68D /* Resources */,
			);
			buildRules = (
			);
			dependencies = (
			);
			name = Template;
			productName = Template;
			productReference = 37CCB79D1F8778CB003DE68D /* Template.app */;
			productType = "com.apple.product-type.application";
		};
/* End PBXNativeTarget section */

/* Begin PBXProject section */
		37CCB7951F8778CB003DE68D /* Project object */ = {
			isa = PBXProject;
			attributes = {
				LastSwiftUpdateCheck = 0900;
				LastUpgradeCheck = 0900;
				ORGANIZATIONNAME = nextzy;
				TargetAttributes = {
					37CCB79C1F8778CB003DE68D = {
						CreatedOnToolsVersion = 9.0;
						ProvisioningStyle = Automatic;
					};
				};
			};
			buildConfigurationList = 37CCB7981F8778CB003DE68D /* Build configuration list for PBXProject "Template" */;
			compatibilityVersion = "Xcode 8.0";
			developmentRegion = en;
			hasScannedForEncodings = 0;
			knownRegions = (
				en,
				Base,
			);
			mainGroup = 37CCB7941F8778CB003DE68D;
			productRefGroup = 37CCB79E1F8778CB003DE68D /* Products */;
			projectDirPath = "";
			projectRoot = "";
			targets = (
				37CCB79C1F8778CB003DE68D /* Template */,
			);
		};
/* End PBXProject section */

/* Begin PBXResourcesBuildPhase section */
		37CCB79B1F8778CB003DE68D /* Resources */ = {
			isa = PBXResourcesBuildPhase;
			buildActionMask = 2147483647;
			files = (
				37CCB7C51F877961003DE68D /* Main.storyboard in Resources */,
				37CCB7C31F877961003DE68D /* Info.plist in Resources */,
				37CCB7C61F877961003DE68D /* Assets.xcassets in Resources */,
				37CCB7C41F877961003DE68D /* LaunchScreen.storyboard in Resources */,
			);
			runOnlyForDeploymentPostprocessing = 0;
		};
/* End PBXResourcesBuildPhase section */

/* Begin PBXSourcesBuildPhase section */
		37CCB7991F8778CB003DE68D /* Sources */ = {
			isa = PBXSourcesBuildPhase;
			buildActionMask = 2147483647;
			files = (
				37CCB7C71F877961003DE68D /* ViewController.swift in Sources */,
				37CCB7C21F877961003DE68D /* AppDelegate.swift in Sources */,
			);
			runOnlyForDeploymentPostprocessing = 0;
		};
/* End PBXSourcesBuildPhase section */

/* Begin PBXVariantGroup section */
		37CCB7B71F877961003DE68D /* LaunchScreen.storyboard */ = {
			isa = PBXVariantGroup;
			children = (
				37CCB7B81F877961003DE68D /* Base */,
			);
			name = LaunchScreen.storyboard;
			sourceTree = "<group>";
		};
		37CCB7B91F877961003DE68D /* Main.storyboard */ = {
			isa = PBXVariantGroup;
			children = (
				37CCB7BA1F877961003DE68D /* Base */,
			);
			name = Main.storyboard;
			sourceTree = "<group>";
		};
/* End PBXVariantGroup section */

/* Begin XCBuildConfiguration section */
		37CCB7AD1F8778CB003DE68D /* Debug */ = {
			isa = XCBuildConfiguration;
			buildSettings = {
				ALWAYS_SEARCH_USER_PATHS = NO;
				CLANG_ANALYZER_NONNULL = YES;
				CLANG_ANALYZER_NUMBER_OBJECT_CONVERSION = YES_AGGRESSIVE;
				CLANG_CXX_LANGUAGE_STANDARD = "gnu++14";
				CLANG_CXX_LIBRARY = "libc++";
				CLANG_ENABLE_MODULES = YES;
				CLANG_ENABLE_OBJC_ARC = YES;
				CLANG_WARN_BLOCK_CAPTURE_AUTORELEASING = YES;
				CLANG_WARN_BOOL_CONVERSION = YES;
				CLANG_WARN_COMMA = YES;
				CLANG_WARN_CONSTANT_CONVERSION = YES;
				CLANG_WARN_DIRECT_OBJC_ISA_USAGE = YES_ERROR;
				CLANG_WARN_DOCUMENTATION_COMMENTS = YES;
				CLANG_WARN_EMPTY_BODY = YES;
				CLANG_WARN_ENUM_CONVERSION = YES;
				CLANG_WARN_INFINITE_RECURSION = YES;
				CLANG_WARN_INT_CONVERSION = YES;
				CLANG_WARN_NON_LITERAL_NULL_CONVERSION = YES;
				CLANG_WARN_OBJC_LITERAL_CONVERSION = YES;
				CLANG_WARN_OBJC_ROOT_CLASS = YES_ERROR;
				CLANG_WARN_RANGE_LOOP_ANALYSIS = YES;
				CLANG_WARN_STRICT_PROTOTYPES = YES;
				CLANG_WARN_SUSPICIOUS_MOVE = YES;
				CLANG_WARN_UNGUARDED_AVAILABILITY = YES_AGGRESSIVE;
				CLANG_WARN_UNREACHABLE_CODE = YES;
				CLANG_WARN__DUPLICATE_METHOD_MATCH = YES;
				CODE_SIGN_IDENTITY = "iPhone Developer";
				COPY_PHASE_STRIP = NO;
				DEBUG_INFORMATION_FORMAT = dwarf;
				ENABLE_STRICT_OBJC_MSGSEND = YES;
				ENABLE_TESTABILITY = YES;
				GCC_C_LANGUAGE_STANDARD = gnu11;
				GCC_DYNAMIC_NO_PIC = NO;
				GCC_NO_COMMON_BLOCKS = YES;
				GCC_OPTIMIZATION_LEVEL = 0;
				GCC_PREPROCESSOR_DEFINITIONS = (
					"DEBUG=1",
					"$(inherited)",
				);
				GCC_WARN_64_TO_32_BIT_CONVERSION = YES;
				GCC_WARN_ABOUT_RETURN_TYPE = YES_ERROR;
				GCC_WARN_UNDECLARED_SELECTOR = YES;
				GCC_WARN_UNINITIALIZED_AUTOS = YES_AGGRESSIVE;
				GCC_WARN_UNUSED_FUNCTION = YES;
				GCC_WARN_UNUSED_VARIABLE = YES;
				IPHONEOS_DEPLOYMENT_TARGET = 11.0;
				MTL_ENABLE_DEBUG_INFO = YES;
				ONLY_ACTIVE_ARCH = YES;
				SDKROOT = iphoneos;
				SWIFT_ACTIVE_COMPILATION_CONDITIONS = DEBUG;
				SWIFT_OPTIMIZATION_LEVEL = "-Onone";
			};
			name = Debug;
		};
		37CCB7AE1F8778CB003DE68D /* Release */ = {
			isa = XCBuildConfiguration;
			buildSettings = {
				ALWAYS_SEARCH_USER_PATHS = NO;
				CLANG_ANALYZER_NONNULL = YES;
				CLANG_ANALYZER_NUMBER_OBJECT_CONVERSION = YES_AGGRESSIVE;
				CLANG_CXX_LANGUAGE_STANDARD = "gnu++14";
				CLANG_CXX_LIBRARY = "libc++";
				CLANG_ENABLE_MODULES = YES;
				CLANG_ENABLE_OBJC_ARC = YES;
				CLANG_WARN_BLOCK_CAPTURE_AUTORELEASING = YES;
				CLANG_WARN_BOOL_CONVERSION = YES;
				CLANG_WARN_COMMA = YES;
				CLANG_WARN_CONSTANT_CONVERSION = YES;
				CLANG_WARN_DIRECT_OBJC_ISA_USAGE = YES_ERROR;
				CLANG_WARN_DOCUMENTATION_COMMENTS = YES;
				CLANG_WARN_EMPTY_BODY = YES;
				CLANG_WARN_ENUM_CONVERSION = YES;
				CLANG_WARN_INFINITE_RECURSION = YES;
				CLANG_WARN_INT_CONVERSION = YES;
				CLANG_WARN_NON_LITERAL_NULL_CONVERSION = YES;
				CLANG_WARN_OBJC_LITERAL_CONVERSION = YES;
				CLANG_WARN_OBJC_ROOT_CLASS = YES_ERROR;
				CLANG_WARN_RANGE_LOOP_ANALYSIS = YES;
				CLANG_WARN_STRICT_PROTOTYPES = YES;
				CLANG_WARN_SUSPICIOUS_MOVE = YES;
				CLANG_WARN_UNGUARDED_AVAILABILITY = YES_AGGRESSIVE;
				CLANG_WARN_UNREACHABLE_CODE = YES;
				CLANG_WARN__DUPLICATE_METHOD_MATCH = YES;
				CODE_SIGN_IDENTITY = "iPhone Developer";
				COPY_PHASE_STRIP = NO;
				DEBUG_INFORMATION_FORMAT = "dwarf-with-dsym";
				ENABLE_NS_ASSERTIONS = NO;
				ENABLE_STRICT_OBJC_MSGSEND = YES;
				GCC_C_LANGUAGE_STANDARD = gnu11;
				GCC_NO_COMMON_BLOCKS = YES;
				GCC_WARN_64_TO_32_BIT_CONVERSION = YES;
				GCC_WARN_ABOUT_RETURN_TYPE = YES_ERROR;
				GCC_WARN_UNDECLARED_SELECTOR = YES;
				GCC_WARN_UNINITIALIZED_AUTOS = YES_AGGRESSIVE;
				GCC_WARN_UNUSED_FUNCTION = YES;
				GCC_WARN_UNUSED_VARIABLE = YES;
				IPHONEOS_DEPLOYMENT_TARGET = 11.0;
				MTL_ENABLE_DEBUG_INFO = NO;
				SDKROOT = iphoneos;
				SWIFT_OPTIMIZATION_LEVEL = "-Owholemodule";
				VALIDATE_PRODUCT = YES;
			};
			name = Release;
		};
		37CCB7B01F8778CB003DE68D /* Debug */ = {
			isa = XCBuildConfiguration;
			buildSettings = {
				ASSETCATALOG_COMPILER_APPICON_NAME = "AppIcon-2";
				ASSETCATALOG_COMPILER_LAUNCHIMAGE_NAME = LaunchImage;
				CODE_SIGN_STYLE = Automatic;
				DEVELOPMENT_TEAM = 8PPXZRVXVT;
				INFOPLIST_FILE = "$(SRCROOT)/Template/Supporting Files/Info.plist";
				LD_RUNPATH_SEARCH_PATHS = "$(inherited) @executable_path/Frameworks";
				PRODUCT_BUNDLE_IDENTIFIER = nextzy.Template;
				PRODUCT_NAME = "$(TARGET_NAME)";
				SWIFT_VERSION = 4.0;
				TARGETED_DEVICE_FAMILY = "1,2";
			};
			name = Debug;
		};
		37CCB7B11F8778CB003DE68D /* Release */ = {
			isa = XCBuildConfiguration;
			buildSettings = {
				ASSETCATALOG_COMPILER_APPICON_NAME = "AppIcon-2";
				ASSETCATALOG_COMPILER_LAUNCHIMAGE_NAME = LaunchImage;
				CODE_SIGN_STYLE = Automatic;
				DEVELOPMENT_TEAM = 8PPXZRVXVT;
				INFOPLIST_FILE = "$(SRCROOT)/Template/Supporting Files/Info.plist";
				LD_RUNPATH_SEARCH_PATHS = "$(inherited) @executable_path/Frameworks";
				PRODUCT_BUNDLE_IDENTIFIER = nextzy.Template;
				PRODUCT_NAME = "$(TARGET_NAME)";
				SWIFT_VERSION = 4.0;
				TARGETED_DEVICE_FAMILY = "1,2";
			};
			name = Release;
		};
/* End XCBuildConfiguration section */

/* Begin XCConfigurationList section */
		37CCB7981F8778CB003DE68D /* Build configuration list for PBXProject "Template" */ = {
			isa = XCConfigurationList;
			buildConfigurations = (
				37CCB7AD1F8778CB003DE68D /* Debug */,
				37CCB7AE1F8778CB003DE68D /* Release */,
			);
			defaultConfigurationIsVisible = 0;
			defaultConfigurationName = Release;
		};
		37CCB7AF1F8778CB003DE68D /* Build configuration list for PBXNativeTarget "Template" */ = {
			isa = XCConfigurationList;
			buildConfigurations = (
				37CCB7B01F8778CB003DE68D /* Debug */,
				37CCB7B11F8778CB003DE68D /* Release */,
			);
			defaultConfigurationIsVisible = 0;
			defaultConfigurationName = Release;
		};
/* End XCConfigurationList section */
	};
	rootObject = 37CCB7951F8778CB003DE68D /* Project object */;
}
