// !$*UTF8*$!
{
	archiveVersion = 1;
	classes = {
	};
	objectVersion = 48;
	objects = {

/* Begin PBXBuildFile section */
		375ABE921F877FFA00D0AC94 /* Localizable.strings in Resources */ = {isa = PBXBuildFile; fileRef = 375ABE8F1F877FFA00D0AC94 /* Localizable.strings */; };
		375ABE941F87802200D0AC94 /* Main.storyboard in Resources */ = {isa = PBXBuildFile; fileRef = 375ABE931F87802200D0AC94 /* Main.storyboard */; };
		375ABE961F87803700D0AC94 /* LaunchScreen.storyboard in Resources */ = {isa = PBXBuildFile; fileRef = 375ABE951F87803700D0AC94 /* LaunchScreen.storyboard */; };
		376734E21F988815002DA4A8 /* UIColorExtensions.swift in Sources */ = {isa = PBXBuildFile; fileRef = 376734E11F988815002DA4A8 /* UIColorExtensions.swift */; };
		377FE8991F9630C0000B9E93 /* UIViewExtensions.swift in Sources */ = {isa = PBXBuildFile; fileRef = 377FE8981F9630C0000B9E93 /* UIViewExtensions.swift */; };
		37A8FC651F88FF670097F475 /* UIFontExtensions.swift in Sources */ = {isa = PBXBuildFile; fileRef = 37A8FC641F88FF670097F475 /* UIFontExtensions.swift */; };
		37A8FC681F8900D80097F475 /* LocalizeSwift.swift in Sources */ = {isa = PBXBuildFile; fileRef = 37A8FC671F8900D80097F475 /* LocalizeSwift.swift */; };
		37A8FC6C1F891D6B0097F475 /* String+LocalizeTableName.swift in Sources */ = {isa = PBXBuildFile; fileRef = 37A8FC691F891D6B0097F475 /* String+LocalizeTableName.swift */; };
		37A8FC6D1F891D6B0097F475 /* String+LocalizeBundle.swift in Sources */ = {isa = PBXBuildFile; fileRef = 37A8FC6A1F891D6B0097F475 /* String+LocalizeBundle.swift */; };
		37A8FC6E1F891D6B0097F475 /* String+LocalizedBundleTableName.swift in Sources */ = {isa = PBXBuildFile; fileRef = 37A8FC6B1F891D6B0097F475 /* String+LocalizedBundleTableName.swift */; };
		37CCB7C21F877961003DE68D /* AppDelegate.swift in Sources */ = {isa = PBXBuildFile; fileRef = 37CCB7B31F877961003DE68D /* AppDelegate.swift */; };
		37CCB7C61F877961003DE68D /* Assets.xcassets in Resources */ = {isa = PBXBuildFile; fileRef = 37CCB7BB1F877961003DE68D /* Assets.xcassets */; };
		37CD7C201FB026AB00814A6D /* LocationManager.swift in Sources */ = {isa = PBXBuildFile; fileRef = 37CD7C1F1FB026AB00814A6D /* LocationManager.swift */; };
		37CD7C2F1FB028C700814A6D /* ViewController.swift in Sources */ = {isa = PBXBuildFile; fileRef = 37CD7C251FB028C700814A6D /* ViewController.swift */; };
		37CD7C301FB028C700814A6D /* LaunchScreenViewController.swift in Sources */ = {isa = PBXBuildFile; fileRef = 37CD7C261FB028C700814A6D /* LaunchScreenViewController.swift */; };
		37CD7C311FB028C700814A6D /* RoundView.swift in Sources */ = {isa = PBXBuildFile; fileRef = 37CD7C291FB028C700814A6D /* RoundView.swift */; };
		37CD7C321FB028C700814A6D /* RocketLabel.swift in Sources */ = {isa = PBXBuildFile; fileRef = 37CD7C2A1FB028C700814A6D /* RocketLabel.swift */; };
		37CD7C331FB028C700814A6D /* BaseTabBarViewController.swift in Sources */ = {isa = PBXBuildFile; fileRef = 37CD7C2B1FB028C700814A6D /* BaseTabBarViewController.swift */; };
		37CD7C341FB028C700814A6D /* RocketButton.swift in Sources */ = {isa = PBXBuildFile; fileRef = 37CD7C2C1FB028C700814A6D /* RocketButton.swift */; };
		37CD7C351FB028C700814A6D /* BaseViewController.swift in Sources */ = {isa = PBXBuildFile; fileRef = 37CD7C2D1FB028C700814A6D /* BaseViewController.swift */; };
		37CD7C361FB028C700814A6D /* BaseViewModel.swift in Sources */ = {isa = PBXBuildFile; fileRef = 37CD7C2E1FB028C700814A6D /* BaseViewModel.swift */; };
		37CD7C3A1FB028F500814A6D /* RocketColor.swift in Sources */ = {isa = PBXBuildFile; fileRef = 37CD7C391FB028F500814A6D /* RocketColor.swift */; };
		37CD7C3C1FB0294700814A6D /* RocketFont.swift in Sources */ = {isa = PBXBuildFile; fileRef = 37CD7C3B1FB0294700814A6D /* RocketFont.swift */; };
		37CD7C3E1FB02CBB00814A6D /* UIButtonExtensions.swift in Sources */ = {isa = PBXBuildFile; fileRef = 37CD7C3D1FB02CBB00814A6D /* UIButtonExtensions.swift */; };
		37CD7C441FB161D700814A6D /* RealmManager.swift in Sources */ = {isa = PBXBuildFile; fileRef = 37CD7C431FB161D600814A6D /* RealmManager.swift */; };
		37E5D6421F8F720400985A87 /* APIManager.swift in Sources */ = {isa = PBXBuildFile; fileRef = 37E5D6411F8F720400985A87 /* APIManager.swift */; };
		85496E3204FE385D7863A55E /* Pods_Rocket.framework in Frameworks */ = {isa = PBXBuildFile; fileRef = 5112DDC80AC9827924121F29 /* Pods_Rocket.framework */; };
/* End PBXBuildFile section */

/* Begin PBXFileReference section */
		375ABE901F877FFA00D0AC94 /* en */ = {isa = PBXFileReference; lastKnownFileType = text.plist.strings; name = en; path = en.lproj/Localizable.strings; sourceTree = "<group>"; };
		375ABE911F877FFA00D0AC94 /* th */ = {isa = PBXFileReference; lastKnownFileType = text.plist.strings; name = th; path = th.lproj/Localizable.strings; sourceTree = "<group>"; };
		375ABE931F87802200D0AC94 /* Main.storyboard */ = {isa = PBXFileReference; lastKnownFileType = file.storyboard; path = Main.storyboard; sourceTree = "<group>"; };
		375ABE951F87803700D0AC94 /* LaunchScreen.storyboard */ = {isa = PBXFileReference; lastKnownFileType = file.storyboard; path = LaunchScreen.storyboard; sourceTree = "<group>"; };
		376734E11F988815002DA4A8 /* UIColorExtensions.swift */ = {isa = PBXFileReference; lastKnownFileType = sourcecode.swift; path = UIColorExtensions.swift; sourceTree = "<group>"; };
		377FE8981F9630C0000B9E93 /* UIViewExtensions.swift */ = {isa = PBXFileReference; lastKnownFileType = sourcecode.swift; path = UIViewExtensions.swift; sourceTree = "<group>"; };
		37A8FC641F88FF670097F475 /* UIFontExtensions.swift */ = {isa = PBXFileReference; lastKnownFileType = sourcecode.swift; path = UIFontExtensions.swift; sourceTree = "<group>"; };
		37A8FC671F8900D80097F475 /* LocalizeSwift.swift */ = {isa = PBXFileReference; lastKnownFileType = sourcecode.swift; path = LocalizeSwift.swift; sourceTree = "<group>"; };
		37A8FC691F891D6B0097F475 /* String+LocalizeTableName.swift */ = {isa = PBXFileReference; fileEncoding = 4; lastKnownFileType = sourcecode.swift; path = "String+LocalizeTableName.swift"; sourceTree = "<group>"; };
		37A8FC6A1F891D6B0097F475 /* String+LocalizeBundle.swift */ = {isa = PBXFileReference; fileEncoding = 4; lastKnownFileType = sourcecode.swift; path = "String+LocalizeBundle.swift"; sourceTree = "<group>"; };
		37A8FC6B1F891D6B0097F475 /* String+LocalizedBundleTableName.swift */ = {isa = PBXFileReference; fileEncoding = 4; lastKnownFileType = sourcecode.swift; path = "String+LocalizedBundleTableName.swift"; sourceTree = "<group>"; };
		37CCB79D1F8778CB003DE68D /* Rocket.app */ = {isa = PBXFileReference; explicitFileType = wrapper.application; includeInIndex = 0; path = Rocket.app; sourceTree = BUILT_PRODUCTS_DIR; };
		37CCB7B31F877961003DE68D /* AppDelegate.swift */ = {isa = PBXFileReference; fileEncoding = 4; lastKnownFileType = sourcecode.swift; path = AppDelegate.swift; sourceTree = "<group>"; };
		37CCB7B41F877961003DE68D /* Info.plist */ = {isa = PBXFileReference; fileEncoding = 4; lastKnownFileType = text.plist.xml; path = Info.plist; sourceTree = "<group>"; };
		37CCB7BB1F877961003DE68D /* Assets.xcassets */ = {isa = PBXFileReference; lastKnownFileType = folder.assetcatalog; path = Assets.xcassets; sourceTree = "<group>"; };
		37CD7C1F1FB026AB00814A6D /* LocationManager.swift */ = {isa = PBXFileReference; lastKnownFileType = sourcecode.swift; path = LocationManager.swift; sourceTree = "<group>"; };
		37CD7C251FB028C700814A6D /* ViewController.swift */ = {isa = PBXFileReference; fileEncoding = 4; lastKnownFileType = sourcecode.swift; path = ViewController.swift; sourceTree = "<group>"; };
		37CD7C261FB028C700814A6D /* LaunchScreenViewController.swift */ = {isa = PBXFileReference; fileEncoding = 4; lastKnownFileType = sourcecode.swift; path = LaunchScreenViewController.swift; sourceTree = "<group>"; };
		37CD7C291FB028C700814A6D /* RoundView.swift */ = {isa = PBXFileReference; fileEncoding = 4; lastKnownFileType = sourcecode.swift; path = RoundView.swift; sourceTree = "<group>"; };
		37CD7C2A1FB028C700814A6D /* RocketLabel.swift */ = {isa = PBXFileReference; fileEncoding = 4; lastKnownFileType = sourcecode.swift; path = RocketLabel.swift; sourceTree = "<group>"; };
		37CD7C2B1FB028C700814A6D /* BaseTabBarViewController.swift */ = {isa = PBXFileReference; fileEncoding = 4; lastKnownFileType = sourcecode.swift; path = BaseTabBarViewController.swift; sourceTree = "<group>"; };
		37CD7C2C1FB028C700814A6D /* RocketButton.swift */ = {isa = PBXFileReference; fileEncoding = 4; lastKnownFileType = sourcecode.swift; path = RocketButton.swift; sourceTree = "<group>"; };
		37CD7C2D1FB028C700814A6D /* BaseViewController.swift */ = {isa = PBXFileReference; fileEncoding = 4; lastKnownFileType = sourcecode.swift; path = BaseViewController.swift; sourceTree = "<group>"; };
		37CD7C2E1FB028C700814A6D /* BaseViewModel.swift */ = {isa = PBXFileReference; fileEncoding = 4; lastKnownFileType = sourcecode.swift; path = BaseViewModel.swift; sourceTree = "<group>"; };
		37CD7C391FB028F500814A6D /* RocketColor.swift */ = {isa = PBXFileReference; lastKnownFileType = sourcecode.swift; path = RocketColor.swift; sourceTree = "<group>"; };
		37CD7C3B1FB0294700814A6D /* RocketFont.swift */ = {isa = PBXFileReference; lastKnownFileType = sourcecode.swift; path = RocketFont.swift; sourceTree = "<group>"; };
		37CD7C3D1FB02CBB00814A6D /* UIButtonExtensions.swift */ = {isa = PBXFileReference; lastKnownFileType = sourcecode.swift; path = UIButtonExtensions.swift; sourceTree = "<group>"; };
		37CD7C431FB161D600814A6D /* RealmManager.swift */ = {isa = PBXFileReference; fileEncoding = 4; lastKnownFileType = sourcecode.swift; path = RealmManager.swift; sourceTree = "<group>"; };
		37E5D6411F8F720400985A87 /* APIManager.swift */ = {isa = PBXFileReference; lastKnownFileType = sourcecode.swift; path = APIManager.swift; sourceTree = "<group>"; };
		5112DDC80AC9827924121F29 /* Pods_Rocket.framework */ = {isa = PBXFileReference; explicitFileType = wrapper.framework; includeInIndex = 0; path = Pods_Rocket.framework; sourceTree = BUILT_PRODUCTS_DIR; };
		84F0C80C7FB36179047FAA7D /* Pods-Template.release.xcconfig */ = {isa = PBXFileReference; includeInIndex = 1; lastKnownFileType = text.xcconfig; name = "Pods-Template.release.xcconfig"; path = "Pods/Target Support Files/Pods-Template/Pods-Template.release.xcconfig"; sourceTree = "<group>"; };
		9378D6853DFD54E66D1CF2B9 /* Pods-Template.debug.xcconfig */ = {isa = PBXFileReference; includeInIndex = 1; lastKnownFileType = text.xcconfig; name = "Pods-Template.debug.xcconfig"; path = "Pods/Target Support Files/Pods-Template/Pods-Template.debug.xcconfig"; sourceTree = "<group>"; };
		9B3F43167A3B4A9AE329D956 /* Pods-Rocket.release.xcconfig */ = {isa = PBXFileReference; includeInIndex = 1; lastKnownFileType = text.xcconfig; name = "Pods-Rocket.release.xcconfig"; path = "Pods/Target Support Files/Pods-Rocket/Pods-Rocket.release.xcconfig"; sourceTree = "<group>"; };
		B2C72905D2FC7FA26000BC62 /* Pods-Rocket.debug.xcconfig */ = {isa = PBXFileReference; includeInIndex = 1; lastKnownFileType = text.xcconfig; name = "Pods-Rocket.debug.xcconfig"; path = "Pods/Target Support Files/Pods-Rocket/Pods-Rocket.debug.xcconfig"; sourceTree = "<group>"; };
/* End PBXFileReference section */

/* Begin PBXFrameworksBuildPhase section */
		37CCB79A1F8778CB003DE68D /* Frameworks */ = {
			isa = PBXFrameworksBuildPhase;
			buildActionMask = 2147483647;
			files = (
				85496E3204FE385D7863A55E /* Pods_Rocket.framework in Frameworks */,
			);
			runOnlyForDeploymentPostprocessing = 0;
		};
/* End PBXFrameworksBuildPhase section */

/* Begin PBXGroup section */
		375ABE721F877EB300D0AC94 /* Library */ = {
			isa = PBXGroup;
			children = (
				37CD7C421FB161D600814A6D /* RealmManager */,
				37E5D6401F8F71E000985A87 /* APIManager */,
				37CD7C211FB026EA00814A6D /* RocketUI */,
				37CD7C1E1FB0269800814A6D /* LocationManager */,
				37A8FC661F8900C30097F475 /* Localize */,
				37A8FC631F88FF4C0097F475 /* Extensions */,
			);
			path = Library;
			sourceTree = "<group>";
		};
		375ABE8E1F877FFA00D0AC94 /* Localizable */ = {
			isa = PBXGroup;
			children = (
				375ABE8F1F877FFA00D0AC94 /* Localizable.strings */,
			);
			path = Localizable;
			sourceTree = "<group>";
		};
		37A8FC631F88FF4C0097F475 /* Extensions */ = {
			isa = PBXGroup;
			children = (
				37A8FC641F88FF670097F475 /* UIFontExtensions.swift */,
				377FE8981F9630C0000B9E93 /* UIViewExtensions.swift */,
				376734E11F988815002DA4A8 /* UIColorExtensions.swift */,
				37CD7C3D1FB02CBB00814A6D /* UIButtonExtensions.swift */,
			);
			path = Extensions;
			sourceTree = "<group>";
		};
		37A8FC661F8900C30097F475 /* Localize */ = {
			isa = PBXGroup;
			children = (
				37A8FC6A1F891D6B0097F475 /* String+LocalizeBundle.swift */,
				37A8FC6B1F891D6B0097F475 /* String+LocalizedBundleTableName.swift */,
				37A8FC691F891D6B0097F475 /* String+LocalizeTableName.swift */,
				37A8FC671F8900D80097F475 /* LocalizeSwift.swift */,
			);
			path = Localize;
			sourceTree = "<group>";
		};
		37CCB7941F8778CB003DE68D = {
			isa = PBXGroup;
			children = (
				37CD7C221FB028C700814A6D /* Rocket */,
				375ABE721F877EB300D0AC94 /* Library */,
				37CCB7B51F877961003DE68D /* Resource */,
				37CCB7B21F877961003DE68D /* Supporting Files */,
				37CCB79E1F8778CB003DE68D /* Products */,
				8BA9F8457C883283A66BC674 /* Pods */,
				8C88D2680C4CAFE62DB4F025 /* Frameworks */,
			);
			sourceTree = "<group>";
		};
		37CCB79E1F8778CB003DE68D /* Products */ = {
			isa = PBXGroup;
			children = (
				37CCB79D1F8778CB003DE68D /* Rocket.app */,
			);
			name = Products;
			sourceTree = "<group>";
		};
		37CCB7B21F877961003DE68D /* Supporting Files */ = {
			isa = PBXGroup;
			children = (
				37CCB7B31F877961003DE68D /* AppDelegate.swift */,
				37CCB7B41F877961003DE68D /* Info.plist */,
			);
			path = "Supporting Files";
			sourceTree = "<group>";
		};
		37CCB7B51F877961003DE68D /* Resource */ = {
			isa = PBXGroup;
			children = (
				375ABE8E1F877FFA00D0AC94 /* Localizable */,
				37CCB7B61F877961003DE68D /* Storyboard */,
				37CCB7BB1F877961003DE68D /* Assets.xcassets */,
			);
			path = Resource;
			sourceTree = "<group>";
		};
		37CCB7B61F877961003DE68D /* Storyboard */ = {
			isa = PBXGroup;
			children = (
				375ABE931F87802200D0AC94 /* Main.storyboard */,
				375ABE951F87803700D0AC94 /* LaunchScreen.storyboard */,
			);
			path = Storyboard;
			sourceTree = "<group>";
		};
		37CD7C1E1FB0269800814A6D /* LocationManager */ = {
			isa = PBXGroup;
			children = (
				37CD7C1F1FB026AB00814A6D /* LocationManager.swift */,
			);
			path = LocationManager;
			sourceTree = "<group>";
		};
		37CD7C211FB026EA00814A6D /* RocketUI */ = {
			isa = PBXGroup;
			children = (
				37CD7C291FB028C700814A6D /* RoundView.swift */,
				37CD7C2C1FB028C700814A6D /* RocketButton.swift */,
				37CD7C2A1FB028C700814A6D /* RocketLabel.swift */,
				37CD7C391FB028F500814A6D /* RocketColor.swift */,
				37CD7C3B1FB0294700814A6D /* RocketFont.swift */,
			);
			path = RocketUI;
			sourceTree = "<group>";
		};
		37CD7C221FB028C700814A6D /* Rocket */ = {
			isa = PBXGroup;
			children = (
				37CD7C231FB028C700814A6D /* Classes */,
			);
			path = Rocket;
			sourceTree = "<group>";
		};
		37CD7C231FB028C700814A6D /* Classes */ = {
			isa = PBXGroup;
			children = (
				37CD7C241FB028C700814A6D /* ViewController */,
				37CD7C271FB028C700814A6D /* Base */,
			);
			path = Classes;
			sourceTree = "<group>";
		};
		37CD7C241FB028C700814A6D /* ViewController */ = {
			isa = PBXGroup;
			children = (
				37CD7C251FB028C700814A6D /* ViewController.swift */,
				37CD7C261FB028C700814A6D /* LaunchScreenViewController.swift */,
			);
			path = ViewController;
			sourceTree = "<group>";
		};
		37CD7C271FB028C700814A6D /* Base */ = {
			isa = PBXGroup;
			children = (
				37CD7C281FB028C700814A6D /* UI */,
				37CD7C2D1FB028C700814A6D /* BaseViewController.swift */,
				37CD7C2E1FB028C700814A6D /* BaseViewModel.swift */,
			);
			path = Base;
			sourceTree = "<group>";
		};
		37CD7C281FB028C700814A6D /* UI */ = {
			isa = PBXGroup;
			children = (
				37CD7C2B1FB028C700814A6D /* BaseTabBarViewController.swift */,
			);
			path = UI;
			sourceTree = "<group>";
		};
		37CD7C421FB161D600814A6D /* RealmManager */ = {
			isa = PBXGroup;
			children = (
				37CD7C431FB161D600814A6D /* RealmManager.swift */,
			);
			path = RealmManager;
			sourceTree = "<group>";
		};
		37E5D6401F8F71E000985A87 /* APIManager */ = {
			isa = PBXGroup;
			children = (
				37E5D6411F8F720400985A87 /* APIManager.swift */,
			);
			path = APIManager;
			sourceTree = "<group>";
		};
		8BA9F8457C883283A66BC674 /* Pods */ = {
			isa = PBXGroup;
			children = (
				9378D6853DFD54E66D1CF2B9 /* Pods-Template.debug.xcconfig */,
				84F0C80C7FB36179047FAA7D /* Pods-Template.release.xcconfig */,
				B2C72905D2FC7FA26000BC62 /* Pods-Rocket.debug.xcconfig */,
				9B3F43167A3B4A9AE329D956 /* Pods-Rocket.release.xcconfig */,
			);
			name = Pods;
			sourceTree = "<group>";
		};
		8C88D2680C4CAFE62DB4F025 /* Frameworks */ = {
			isa = PBXGroup;
			children = (
				5112DDC80AC9827924121F29 /* Pods_Rocket.framework */,
			);
			name = Frameworks;
			sourceTree = "<group>";
		};
/* End PBXGroup section */

/* Begin PBXNativeTarget section */
		37CCB79C1F8778CB003DE68D /* Rocket */ = {
			isa = PBXNativeTarget;
			buildConfigurationList = 37CCB7AF1F8778CB003DE68D /* Build configuration list for PBXNativeTarget "Rocket" */;
			buildPhases = (
				CA7E8B3619990AB89994DED8 /* [CP] Check Pods Manifest.lock */,
				37CCB7991F8778CB003DE68D /* Sources */,
				37CCB79A1F8778CB003DE68D /* Frameworks */,
				37CCB79B1F8778CB003DE68D /* Resources */,
				D0F95883A5B2A6D5340FFAAA /* [CP] Embed Pods Frameworks */,
				14018FADF29FDE214253B3FC /* [CP] Copy Pods Resources */,
			);
			buildRules = (
			);
			dependencies = (
			);
			name = Rocket;
			productName = Template;
			productReference = 37CCB79D1F8778CB003DE68D /* Rocket.app */;
			productType = "com.apple.product-type.application";
		};
/* End PBXNativeTarget section */

/* Begin PBXProject section */
		37CCB7951F8778CB003DE68D /* Project object */ = {
			isa = PBXProject;
			attributes = {
				LastSwiftUpdateCheck = 0900;
				LastUpgradeCheck = 0900;
				ORGANIZATIONNAME = nextzy;
				TargetAttributes = {
					37CCB79C1F8778CB003DE68D = {
						CreatedOnToolsVersion = 9.0;
						ProvisioningStyle = Automatic;
					};
				};
			};
			buildConfigurationList = 37CCB7981F8778CB003DE68D /* Build configuration list for PBXProject "Rocket" */;
			compatibilityVersion = "Xcode 8.0";
			developmentRegion = en;
			hasScannedForEncodings = 0;
			knownRegions = (
				Base,
				th,
				en,
			);
			mainGroup = 37CCB7941F8778CB003DE68D;
			productRefGroup = 37CCB79E1F8778CB003DE68D /* Products */;
			projectDirPath = "";
			projectRoot = "";
			targets = (
				37CCB79C1F8778CB003DE68D /* Rocket */,
			);
		};
/* End PBXProject section */

/* Begin PBXResourcesBuildPhase section */
		37CCB79B1F8778CB003DE68D /* Resources */ = {
			isa = PBXResourcesBuildPhase;
			buildActionMask = 2147483647;
			files = (
				375ABE941F87802200D0AC94 /* Main.storyboard in Resources */,
				375ABE961F87803700D0AC94 /* LaunchScreen.storyboard in Resources */,
				375ABE921F877FFA00D0AC94 /* Localizable.strings in Resources */,
				37CCB7C61F877961003DE68D /* Assets.xcassets in Resources */,
			);
			runOnlyForDeploymentPostprocessing = 0;
		};
/* End PBXResourcesBuildPhase section */

/* Begin PBXShellScriptBuildPhase section */
		14018FADF29FDE214253B3FC /* [CP] Copy Pods Resources */ = {
			isa = PBXShellScriptBuildPhase;
			buildActionMask = 2147483647;
			files = (
			);
			inputPaths = (
			);
			name = "[CP] Copy Pods Resources";
			outputPaths = (
			);
			runOnlyForDeploymentPostprocessing = 0;
			shellPath = /bin/sh;
			shellScript = "\"${SRCROOT}/Pods/Target Support Files/Pods-Rocket/Pods-Rocket-resources.sh\"\n";
			showEnvVarsInLog = 0;
		};
		CA7E8B3619990AB89994DED8 /* [CP] Check Pods Manifest.lock */ = {
			isa = PBXShellScriptBuildPhase;
			buildActionMask = 2147483647;
			files = (
			);
			inputPaths = (
				"${PODS_PODFILE_DIR_PATH}/Podfile.lock",
				"${PODS_ROOT}/Manifest.lock",
			);
			name = "[CP] Check Pods Manifest.lock";
			outputPaths = (
				"$(DERIVED_FILE_DIR)/Pods-Rocket-checkManifestLockResult.txt",
			);
			runOnlyForDeploymentPostprocessing = 0;
			shellPath = /bin/sh;
			shellScript = "diff \"${PODS_PODFILE_DIR_PATH}/Podfile.lock\" \"${PODS_ROOT}/Manifest.lock\" > /dev/null\nif [ $? != 0 ] ; then\n    # print error to STDERR\n    echo \"error: The sandbox is not in sync with the Podfile.lock. Run 'pod install' or update your CocoaPods installation.\" >&2\n    exit 1\nfi\n# This output is used by Xcode 'outputs' to avoid re-running this script phase.\necho \"SUCCESS\" > \"${SCRIPT_OUTPUT_FILE_0}\"\n";
			showEnvVarsInLog = 0;
		};
		D0F95883A5B2A6D5340FFAAA /* [CP] Embed Pods Frameworks */ = {
			isa = PBXShellScriptBuildPhase;
			buildActionMask = 2147483647;
			files = (
			);
			inputPaths = (
				"${SRCROOT}/Pods/Target Support Files/Pods-Rocket/Pods-Rocket-frameworks.sh",
				"${BUILT_PRODUCTS_DIR}/Hero/Hero.framework",
				"${BUILT_PRODUCTS_DIR}/Realm/Realm.framework",
				"${BUILT_PRODUCTS_DIR}/RealmSwift/RealmSwift.framework",
				"${BUILT_PRODUCTS_DIR}/RxCocoa/RxCocoa.framework",
				"${BUILT_PRODUCTS_DIR}/RxSwift/RxSwift.framework",
				"${BUILT_PRODUCTS_DIR}/SQLite.swift/SQLite.framework",
			);
			name = "[CP] Embed Pods Frameworks";
			outputPaths = (
				"${TARGET_BUILD_DIR}/${FRAMEWORKS_FOLDER_PATH}/Hero.framework",
				"${TARGET_BUILD_DIR}/${FRAMEWORKS_FOLDER_PATH}/Realm.framework",
				"${TARGET_BUILD_DIR}/${FRAMEWORKS_FOLDER_PATH}/RealmSwift.framework",
				"${TARGET_BUILD_DIR}/${FRAMEWORKS_FOLDER_PATH}/RxCocoa.framework",
				"${TARGET_BUILD_DIR}/${FRAMEWORKS_FOLDER_PATH}/RxSwift.framework",
				"${TARGET_BUILD_DIR}/${FRAMEWORKS_FOLDER_PATH}/SQLite.framework",
			);
			runOnlyForDeploymentPostprocessing = 0;
			shellPath = /bin/sh;
			shellScript = "\"${SRCROOT}/Pods/Target Support Files/Pods-Rocket/Pods-Rocket-frameworks.sh\"\n";
			showEnvVarsInLog = 0;
		};
/* End PBXShellScriptBuildPhase section */

/* Begin PBXSourcesBuildPhase section */
		37CCB7991F8778CB003DE68D /* Sources */ = {
			isa = PBXSourcesBuildPhase;
			buildActionMask = 2147483647;
			files = (
				37E5D6421F8F720400985A87 /* APIManager.swift in Sources */,
				37CD7C321FB028C700814A6D /* RocketLabel.swift in Sources */,
				37CD7C341FB028C700814A6D /* RocketButton.swift in Sources */,
				37A8FC6C1F891D6B0097F475 /* String+LocalizeTableName.swift in Sources */,
				377FE8991F9630C0000B9E93 /* UIViewExtensions.swift in Sources */,
				37CD7C361FB028C700814A6D /* BaseViewModel.swift in Sources */,
				37CD7C3E1FB02CBB00814A6D /* UIButtonExtensions.swift in Sources */,
				37CD7C201FB026AB00814A6D /* LocationManager.swift in Sources */,
				37CD7C2F1FB028C700814A6D /* ViewController.swift in Sources */,
				37CD7C351FB028C700814A6D /* BaseViewController.swift in Sources */,
				376734E21F988815002DA4A8 /* UIColorExtensions.swift in Sources */,
				37CD7C3C1FB0294700814A6D /* RocketFont.swift in Sources */,
				37CCB7C21F877961003DE68D /* AppDelegate.swift in Sources */,
				37CD7C441FB161D700814A6D /* RealmManager.swift in Sources */,
				37CD7C331FB028C700814A6D /* BaseTabBarViewController.swift in Sources */,
				37A8FC6E1F891D6B0097F475 /* String+LocalizedBundleTableName.swift in Sources */,
				37A8FC651F88FF670097F475 /* UIFontExtensions.swift in Sources */,
				37A8FC681F8900D80097F475 /* LocalizeSwift.swift in Sources */,
				37CD7C311FB028C700814A6D /* RoundView.swift in Sources */,
				37CD7C301FB028C700814A6D /* LaunchScreenViewController.swift in Sources */,
				37A8FC6D1F891D6B0097F475 /* String+LocalizeBundle.swift in Sources */,
				37CD7C3A1FB028F500814A6D /* RocketColor.swift in Sources */,
			);
			runOnlyForDeploymentPostprocessing = 0;
		};
/* End PBXSourcesBuildPhase section */

/* Begin PBXVariantGroup section */
		375ABE8F1F877FFA00D0AC94 /* Localizable.strings */ = {
			isa = PBXVariantGroup;
			children = (
				375ABE901F877FFA00D0AC94 /* en */,
				375ABE911F877FFA00D0AC94 /* th */,
			);
			name = Localizable.strings;
			sourceTree = "<group>";
		};
/* End PBXVariantGroup section */

/* Begin XCBuildConfiguration section */
		37CCB7AD1F8778CB003DE68D /* Debug */ = {
			isa = XCBuildConfiguration;
			buildSettings = {
				ALWAYS_SEARCH_USER_PATHS = NO;
				CLANG_ANALYZER_LOCALIZABILITY_NONLOCALIZED = YES;
				CLANG_ANALYZER_NONNULL = YES;
				CLANG_ANALYZER_NUMBER_OBJECT_CONVERSION = YES_AGGRESSIVE;
				CLANG_CXX_LANGUAGE_STANDARD = "gnu++14";
				CLANG_CXX_LIBRARY = "libc++";
				CLANG_ENABLE_MODULES = YES;
				CLANG_ENABLE_OBJC_ARC = YES;
				CLANG_WARN_BLOCK_CAPTURE_AUTORELEASING = YES;
				CLANG_WARN_BOOL_CONVERSION = YES;
				CLANG_WARN_COMMA = YES;
				CLANG_WARN_CONSTANT_CONVERSION = YES;
				CLANG_WARN_DIRECT_OBJC_ISA_USAGE = YES_ERROR;
				CLANG_WARN_DOCUMENTATION_COMMENTS = YES;
				CLANG_WARN_EMPTY_BODY = YES;
				CLANG_WARN_ENUM_CONVERSION = YES;
				CLANG_WARN_INFINITE_RECURSION = YES;
				CLANG_WARN_INT_CONVERSION = YES;
				CLANG_WARN_NON_LITERAL_NULL_CONVERSION = YES;
				CLANG_WARN_OBJC_LITERAL_CONVERSION = YES;
				CLANG_WARN_OBJC_ROOT_CLASS = YES_ERROR;
				CLANG_WARN_RANGE_LOOP_ANALYSIS = YES;
				CLANG_WARN_STRICT_PROTOTYPES = YES;
				CLANG_WARN_SUSPICIOUS_MOVE = YES;
				CLANG_WARN_UNGUARDED_AVAILABILITY = YES_AGGRESSIVE;
				CLANG_WARN_UNREACHABLE_CODE = YES;
				CLANG_WARN__DUPLICATE_METHOD_MATCH = YES;
				CODE_SIGN_IDENTITY = "iPhone Developer";
				COPY_PHASE_STRIP = NO;
				DEBUG_INFORMATION_FORMAT = dwarf;
				ENABLE_STRICT_OBJC_MSGSEND = YES;
				ENABLE_TESTABILITY = YES;
				GCC_C_LANGUAGE_STANDARD = gnu11;
				GCC_DYNAMIC_NO_PIC = NO;
				GCC_NO_COMMON_BLOCKS = YES;
				GCC_OPTIMIZATION_LEVEL = 0;
				GCC_PREPROCESSOR_DEFINITIONS = (
					"DEBUG=1",
					"$(inherited)",
				);
				GCC_WARN_64_TO_32_BIT_CONVERSION = YES;
				GCC_WARN_ABOUT_RETURN_TYPE = YES_ERROR;
				GCC_WARN_UNDECLARED_SELECTOR = YES;
				GCC_WARN_UNINITIALIZED_AUTOS = YES_AGGRESSIVE;
				GCC_WARN_UNUSED_FUNCTION = YES;
				GCC_WARN_UNUSED_VARIABLE = YES;
				IPHONEOS_DEPLOYMENT_TARGET = 11.0;
				MTL_ENABLE_DEBUG_INFO = YES;
				ONLY_ACTIVE_ARCH = YES;
				PRODUCT_NAME = "Template Dev";
				SDKROOT = iphoneos;
				SWIFT_ACTIVE_COMPILATION_CONDITIONS = DEBUG;
				SWIFT_OPTIMIZATION_LEVEL = "-Onone";
			};
			name = Debug;
		};
		37CCB7AE1F8778CB003DE68D /* Release */ = {
			isa = XCBuildConfiguration;
			buildSettings = {
				ALWAYS_SEARCH_USER_PATHS = NO;
				CLANG_ANALYZER_LOCALIZABILITY_NONLOCALIZED = YES;
				CLANG_ANALYZER_NONNULL = YES;
				CLANG_ANALYZER_NUMBER_OBJECT_CONVERSION = YES_AGGRESSIVE;
				CLANG_CXX_LANGUAGE_STANDARD = "gnu++14";
				CLANG_CXX_LIBRARY = "libc++";
				CLANG_ENABLE_MODULES = YES;
				CLANG_ENABLE_OBJC_ARC = YES;
				CLANG_WARN_BLOCK_CAPTURE_AUTORELEASING = YES;
				CLANG_WARN_BOOL_CONVERSION = YES;
				CLANG_WARN_COMMA = YES;
				CLANG_WARN_CONSTANT_CONVERSION = YES;
				CLANG_WARN_DIRECT_OBJC_ISA_USAGE = YES_ERROR;
				CLANG_WARN_DOCUMENTATION_COMMENTS = YES;
				CLANG_WARN_EMPTY_BODY = YES;
				CLANG_WARN_ENUM_CONVERSION = YES;
				CLANG_WARN_INFINITE_RECURSION = YES;
				CLANG_WARN_INT_CONVERSION = YES;
				CLANG_WARN_NON_LITERAL_NULL_CONVERSION = YES;
				CLANG_WARN_OBJC_LITERAL_CONVERSION = YES;
				CLANG_WARN_OBJC_ROOT_CLASS = YES_ERROR;
				CLANG_WARN_RANGE_LOOP_ANALYSIS = YES;
				CLANG_WARN_STRICT_PROTOTYPES = YES;
				CLANG_WARN_SUSPICIOUS_MOVE = YES;
				CLANG_WARN_UNGUARDED_AVAILABILITY = YES_AGGRESSIVE;
				CLANG_WARN_UNREACHABLE_CODE = YES;
				CLANG_WARN__DUPLICATE_METHOD_MATCH = YES;
				CODE_SIGN_IDENTITY = "iPhone Developer";
				COPY_PHASE_STRIP = NO;
				DEBUG_INFORMATION_FORMAT = "dwarf-with-dsym";
				ENABLE_NS_ASSERTIONS = NO;
				ENABLE_STRICT_OBJC_MSGSEND = YES;
				GCC_C_LANGUAGE_STANDARD = gnu11;
				GCC_NO_COMMON_BLOCKS = YES;
				GCC_WARN_64_TO_32_BIT_CONVERSION = YES;
				GCC_WARN_ABOUT_RETURN_TYPE = YES_ERROR;
				GCC_WARN_UNDECLARED_SELECTOR = YES;
				GCC_WARN_UNINITIALIZED_AUTOS = YES_AGGRESSIVE;
				GCC_WARN_UNUSED_FUNCTION = YES;
				GCC_WARN_UNUSED_VARIABLE = YES;
				IPHONEOS_DEPLOYMENT_TARGET = 11.0;
				MTL_ENABLE_DEBUG_INFO = NO;
				PRODUCT_NAME = Template;
				SDKROOT = iphoneos;
				SWIFT_OPTIMIZATION_LEVEL = "-Owholemodule";
				VALIDATE_PRODUCT = YES;
			};
			name = Release;
		};
		37CCB7B01F8778CB003DE68D /* Debug */ = {
			isa = XCBuildConfiguration;
			baseConfigurationReference = B2C72905D2FC7FA26000BC62 /* Pods-Rocket.debug.xcconfig */;
			buildSettings = {
				ASSETCATALOG_COMPILER_APPICON_NAME = AppIcon;
				ASSETCATALOG_COMPILER_LAUNCHIMAGE_NAME = LaunchImage;
				BUNDLE_NAME_SUFFIX = " DEV";
				CODE_SIGN_STYLE = Automatic;
				DEVELOPMENT_TEAM = 8PPXZRVXVT;
				INFOPLIST_FILE = "$(SRCROOT)/Supporting Files/Info.plist";
				IPHONEOS_DEPLOYMENT_TARGET = 11.0;
				LD_RUNPATH_SEARCH_PATHS = "$(inherited) @executable_path/Frameworks";
				"OTHER_SWIFT_FLAGS[arch=*]" = "-DDEV";
				PRODUCT_BUNDLE_IDENTIFIER = com.template;
				PRODUCT_NAME = "$(TARGET_NAME)";
				SWIFT_VERSION = 4.0;
				TARGETED_DEVICE_FAMILY = "1,2";
			};
			name = Debug;
		};
		37CCB7B11F8778CB003DE68D /* Release */ = {
			isa = XCBuildConfiguration;
			baseConfigurationReference = 9B3F43167A3B4A9AE329D956 /* Pods-Rocket.release.xcconfig */;
			buildSettings = {
				ASSETCATALOG_COMPILER_APPICON_NAME = AppIcon;
				ASSETCATALOG_COMPILER_LAUNCHIMAGE_NAME = LaunchImage;
				BUNDLE_NAME_SUFFIX = "";
				CODE_SIGN_STYLE = Automatic;
				DEVELOPMENT_TEAM = 8PPXZRVXVT;
				INFOPLIST_FILE = "$(SRCROOT)/Supporting Files/Info.plist";
				IPHONEOS_DEPLOYMENT_TARGET = 11.0;
				LD_RUNPATH_SEARCH_PATHS = "$(inherited) @executable_path/Frameworks";
				"OTHER_SWIFT_FLAGS[arch=*]" = "-DPROD";
				PRODUCT_BUNDLE_IDENTIFIER = com.template;
				PRODUCT_NAME = "$(TARGET_NAME)";
				SWIFT_VERSION = 4.0;
				TARGETED_DEVICE_FAMILY = "1,2";
			};
			name = Release;
		};
/* End XCBuildConfiguration section */

/* Begin XCConfigurationList section */
		37CCB7981F8778CB003DE68D /* Build configuration list for PBXProject "Rocket" */ = {
			isa = XCConfigurationList;
			buildConfigurations = (
				37CCB7AD1F8778CB003DE68D /* Debug */,
				37CCB7AE1F8778CB003DE68D /* Release */,
			);
			defaultConfigurationIsVisible = 0;
			defaultConfigurationName = Release;
		};
		37CCB7AF1F8778CB003DE68D /* Build configuration list for PBXNativeTarget "Rocket" */ = {
			isa = XCConfigurationList;
			buildConfigurations = (
				37CCB7B01F8778CB003DE68D /* Debug */,
				37CCB7B11F8778CB003DE68D /* Release */,
			);
			defaultConfigurationIsVisible = 0;
			defaultConfigurationName = Release;
		};
/* End XCConfigurationList section */
	};
	rootObject = 37CCB7951F8778CB003DE68D /* Project object */;
}
